Microsoft Visual Studio Solution File, Format Version 12.00
# Visual Studio 14
VisualStudioVersion = 14.0.25420.1
MinimumVisualStudioVersion = 10.0.40219.1
Project("{2150E333-8FDC-42A3-9474-1A3956D46DE8}") = "Solution Items", "Solution Items", "{D8E3542C-14E1-48F3-B8DA-EDF8B4A3CDC8}"
EndProject
Project("{FAE04EC0-301F-11D3-BF4B-00C04F79EFBC}") = "AirNavigationRaceLive", "AirNavigationRaceLive\AirNavigationRaceLive.csproj", "{B483E041-0DA3-4659-8B40-BB5DB3FE5959}"
EndProject
Project("{54435603-DBB4-11D2-8724-00A0C9A8B90C}") = "AirNavigationRaceLiveInstaller", "AirNavigationRaceLiveInstaller\AirNavigationRaceLiveInstaller.vdproj", "{404F1C7C-8035-4D63-831D-9D3F09C0214F}"
EndProject
Project("{FAE04EC0-301F-11D3-BF4B-00C04F79EFBC}") = "LiveTrack24ExtenderConsole", "LiveTrack24ExtenderConsole\LiveTrack24ExtenderConsole.csproj", "{A81466C3-EB96-4C88-80E1-AD84BEBFD6A2}"
EndProject
Global
	GlobalSection(SolutionConfigurationPlatforms) = preSolution
		Debug|Any CPU = Debug|Any CPU
		Debug|Mixed Platforms = Debug|Mixed Platforms
		Debug|x86 = Debug|x86
		Default|Any CPU = Default|Any CPU
		Default|Mixed Platforms = Default|Mixed Platforms
		Default|x86 = Default|x86
		iOS|Any CPU = iOS|Any CPU
		iOS|Mixed Platforms = iOS|Mixed Platforms
		iOS|x86 = iOS|x86
		Net20|Any CPU = Net20|Any CPU
		Net20|Mixed Platforms = Net20|Mixed Platforms
		Net20|x86 = Net20|x86
		Profile|Any CPU = Profile|Any CPU
		Profile|Mixed Platforms = Profile|Mixed Platforms
		Profile|x86 = Profile|x86
		Release|Any CPU = Release|Any CPU
		Release|Mixed Platforms = Release|Mixed Platforms
		Release|x86 = Release|x86
		Silverlight2|Any CPU = Silverlight2|Any CPU
		Silverlight2|Mixed Platforms = Silverlight2|Mixed Platforms
		Silverlight2|x86 = Silverlight2|x86
	EndGlobalSection
	GlobalSection(ProjectConfigurationPlatforms) = postSolution
		{B483E041-0DA3-4659-8B40-BB5DB3FE5959}.Debug|Any CPU.ActiveCfg = Debug|x86
		{B483E041-0DA3-4659-8B40-BB5DB3FE5959}.Debug|Any CPU.Build.0 = Debug|x86
		{B483E041-0DA3-4659-8B40-BB5DB3FE5959}.Debug|Mixed Platforms.ActiveCfg = Debug|x86
		{B483E041-0DA3-4659-8B40-BB5DB3FE5959}.Debug|Mixed Platforms.Build.0 = Debug|x86
		{B483E041-0DA3-4659-8B40-BB5DB3FE5959}.Debug|x86.ActiveCfg = Debug|x86
		{B483E041-0DA3-4659-8B40-BB5DB3FE5959}.Debug|x86.Build.0 = Debug|x86
		{B483E041-0DA3-4659-8B40-BB5DB3FE5959}.Default|Any CPU.ActiveCfg = Debug|x86
		{B483E041-0DA3-4659-8B40-BB5DB3FE5959}.Default|Mixed Platforms.ActiveCfg = Debug|x86
		{B483E041-0DA3-4659-8B40-BB5DB3FE5959}.Default|Mixed Platforms.Build.0 = Debug|x86
		{B483E041-0DA3-4659-8B40-BB5DB3FE5959}.Default|x86.ActiveCfg = Debug|x86
		{B483E041-0DA3-4659-8B40-BB5DB3FE5959}.Default|x86.Build.0 = Debug|x86
		{B483E041-0DA3-4659-8B40-BB5DB3FE5959}.iOS|Any CPU.ActiveCfg = Release|x86
		{B483E041-0DA3-4659-8B40-BB5DB3FE5959}.iOS|Mixed Platforms.ActiveCfg = Release|x86
		{B483E041-0DA3-4659-8B40-BB5DB3FE5959}.iOS|Mixed Platforms.Build.0 = Release|x86
		{B483E041-0DA3-4659-8B40-BB5DB3FE5959}.iOS|x86.ActiveCfg = Release|x86
		{B483E041-0DA3-4659-8B40-BB5DB3FE5959}.iOS|x86.Build.0 = Release|x86
		{B483E041-0DA3-4659-8B40-BB5DB3FE5959}.Net20|Any CPU.ActiveCfg = Release|x86
		{B483E041-0DA3-4659-8B40-BB5DB3FE5959}.Net20|Mixed Platforms.ActiveCfg = Release|x86
		{B483E041-0DA3-4659-8B40-BB5DB3FE5959}.Net20|Mixed Platforms.Build.0 = Release|x86
		{B483E041-0DA3-4659-8B40-BB5DB3FE5959}.Net20|x86.ActiveCfg = Release|x86
		{B483E041-0DA3-4659-8B40-BB5DB3FE5959}.Net20|x86.Build.0 = Release|x86
		{B483E041-0DA3-4659-8B40-BB5DB3FE5959}.Profile|Any CPU.ActiveCfg = Release|x86
		{B483E041-0DA3-4659-8B40-BB5DB3FE5959}.Profile|Mixed Platforms.ActiveCfg = Release|x86
		{B483E041-0DA3-4659-8B40-BB5DB3FE5959}.Profile|Mixed Platforms.Build.0 = Release|x86
		{B483E041-0DA3-4659-8B40-BB5DB3FE5959}.Profile|x86.ActiveCfg = Release|x86
		{B483E041-0DA3-4659-8B40-BB5DB3FE5959}.Profile|x86.Build.0 = Release|x86
		{B483E041-0DA3-4659-8B40-BB5DB3FE5959}.Release|Any CPU.ActiveCfg = Release|x86
		{B483E041-0DA3-4659-8B40-BB5DB3FE5959}.Release|Mixed Platforms.ActiveCfg = Release|x86
		{B483E041-0DA3-4659-8B40-BB5DB3FE5959}.Release|x86.ActiveCfg = Release|x86
		{B483E041-0DA3-4659-8B40-BB5DB3FE5959}.Silverlight2|Any CPU.ActiveCfg = Release|x86
		{B483E041-0DA3-4659-8B40-BB5DB3FE5959}.Silverlight2|Mixed Platforms.ActiveCfg = Release|x86
		{B483E041-0DA3-4659-8B40-BB5DB3FE5959}.Silverlight2|Mixed Platforms.Build.0 = Release|x86
		{B483E041-0DA3-4659-8B40-BB5DB3FE5959}.Silverlight2|x86.ActiveCfg = Release|x86
		{B483E041-0DA3-4659-8B40-BB5DB3FE5959}.Silverlight2|x86.Build.0 = Release|x86
		{404F1C7C-8035-4D63-831D-9D3F09C0214F}.Debug|Any CPU.ActiveCfg = Debug
		{404F1C7C-8035-4D63-831D-9D3F09C0214F}.Debug|Mixed Platforms.ActiveCfg = Debug
		{404F1C7C-8035-4D63-831D-9D3F09C0214F}.Debug|x86.ActiveCfg = Debug
		{404F1C7C-8035-4D63-831D-9D3F09C0214F}.Default|Any CPU.ActiveCfg = Debug
		{404F1C7C-8035-4D63-831D-9D3F09C0214F}.Default|Mixed Platforms.ActiveCfg = Debug
		{404F1C7C-8035-4D63-831D-9D3F09C0214F}.Default|x86.ActiveCfg = Debug
		{404F1C7C-8035-4D63-831D-9D3F09C0214F}.iOS|Any CPU.ActiveCfg = Release
		{404F1C7C-8035-4D63-831D-9D3F09C0214F}.iOS|Mixed Platforms.ActiveCfg = Release
		{404F1C7C-8035-4D63-831D-9D3F09C0214F}.iOS|x86.ActiveCfg = Release
		{404F1C7C-8035-4D63-831D-9D3F09C0214F}.Net20|Any CPU.ActiveCfg = Release
		{404F1C7C-8035-4D63-831D-9D3F09C0214F}.Net20|Mixed Platforms.ActiveCfg = Release
		{404F1C7C-8035-4D63-831D-9D3F09C0214F}.Net20|x86.ActiveCfg = Release
		{404F1C7C-8035-4D63-831D-9D3F09C0214F}.Profile|Any CPU.ActiveCfg = Release
		{404F1C7C-8035-4D63-831D-9D3F09C0214F}.Profile|Mixed Platforms.ActiveCfg = Release
		{404F1C7C-8035-4D63-831D-9D3F09C0214F}.Profile|x86.ActiveCfg = Release
		{404F1C7C-8035-4D63-831D-9D3F09C0214F}.Release|Any CPU.ActiveCfg = Release
		{404F1C7C-8035-4D63-831D-9D3F09C0214F}.Release|Mixed Platforms.ActiveCfg = Release
		{404F1C7C-8035-4D63-831D-9D3F09C0214F}.Release|x86.ActiveCfg = Release
		{404F1C7C-8035-4D63-831D-9D3F09C0214F}.Silverlight2|Any CPU.ActiveCfg = Release
		{404F1C7C-8035-4D63-831D-9D3F09C0214F}.Silverlight2|Mixed Platforms.ActiveCfg = Release
		{404F1C7C-8035-4D63-831D-9D3F09C0214F}.Silverlight2|x86.ActiveCfg = Release
		{A81466C3-EB96-4C88-80E1-AD84BEBFD6A2}.Debug|Any CPU.ActiveCfg = Debug|Any CPU
		{A81466C3-EB96-4C88-80E1-AD84BEBFD6A2}.Debug|Any CPU.Build.0 = Debug|Any CPU
		{A81466C3-EB96-4C88-80E1-AD84BEBFD6A2}.Debug|Mixed Platforms.ActiveCfg = Debug|Any CPU
		{A81466C3-EB96-4C88-80E1-AD84BEBFD6A2}.Debug|Mixed Platforms.Build.0 = Debug|Any CPU
		{A81466C3-EB96-4C88-80E1-AD84BEBFD6A2}.Debug|x86.ActiveCfg = Debug|Any CPU
		{A81466C3-EB96-4C88-80E1-AD84BEBFD6A2}.Debug|x86.Build.0 = Debug|Any CPU
		{A81466C3-EB96-4C88-80E1-AD84BEBFD6A2}.Default|Any CPU.ActiveCfg = Debug|Any CPU
		{A81466C3-EB96-4C88-80E1-AD84BEBFD6A2}.Default|Any CPU.Build.0 = Debug|Any CPU
		{A81466C3-EB96-4C88-80E1-AD84BEBFD6A2}.Default|Mixed Platforms.ActiveCfg = Debug|Any CPU
		{A81466C3-EB96-4C88-80E1-AD84BEBFD6A2}.Default|Mixed Platforms.Build.0 = Debug|Any CPU
		{A81466C3-EB96-4C88-80E1-AD84BEBFD6A2}.Default|x86.ActiveCfg = Debug|Any CPU
		{A81466C3-EB96-4C88-80E1-AD84BEBFD6A2}.Default|x86.Build.0 = Debug|Any CPU
		{A81466C3-EB96-4C88-80E1-AD84BEBFD6A2}.iOS|Any CPU.ActiveCfg = Release|Any CPU
		{A81466C3-EB96-4C88-80E1-AD84BEBFD6A2}.iOS|Any CPU.Build.0 = Release|Any CPU
		{A81466C3-EB96-4C88-80E1-AD84BEBFD6A2}.iOS|Mixed Platforms.ActiveCfg = Release|Any CPU
		{A81466C3-EB96-4C88-80E1-AD84BEBFD6A2}.iOS|Mixed Platforms.Build.0 = Release|Any CPU
		{A81466C3-EB96-4C88-80E1-AD84BEBFD6A2}.iOS|x86.ActiveCfg = Release|Any CPU
		{A81466C3-EB96-4C88-80E1-AD84BEBFD6A2}.iOS|x86.Build.0 = Release|Any CPU
		{A81466C3-EB96-4C88-80E1-AD84BEBFD6A2}.Net20|Any CPU.ActiveCfg = Release|Any CPU
		{A81466C3-EB96-4C88-80E1-AD84BEBFD6A2}.Net20|Any CPU.Build.0 = Release|Any CPU
		{A81466C3-EB96-4C88-80E1-AD84BEBFD6A2}.Net20|Mixed Platforms.ActiveCfg = Release|Any CPU
		{A81466C3-EB96-4C88-80E1-AD84BEBFD6A2}.Net20|Mixed Platforms.Build.0 = Release|Any CPU
		{A81466C3-EB96-4C88-80E1-AD84BEBFD6A2}.Net20|x86.ActiveCfg = Release|Any CPU
		{A81466C3-EB96-4C88-80E1-AD84BEBFD6A2}.Net20|x86.Build.0 = Release|Any CPU
		{A81466C3-EB96-4C88-80E1-AD84BEBFD6A2}.Profile|Any CPU.ActiveCfg = Release|Any CPU
		{A81466C3-EB96-4C88-80E1-AD84BEBFD6A2}.Profile|Any CPU.Build.0 = Release|Any CPU
		{A81466C3-EB96-4C88-80E1-AD84BEBFD6A2}.Profile|Mixed Platforms.ActiveCfg = Release|Any CPU
		{A81466C3-EB96-4C88-80E1-AD84BEBFD6A2}.Profile|Mixed Platforms.Build.0 = Release|Any CPU
		{A81466C3-EB96-4C88-80E1-AD84BEBFD6A2}.Profile|x86.ActiveCfg = Release|Any CPU
		{A81466C3-EB96-4C88-80E1-AD84BEBFD6A2}.Profile|x86.Build.0 = Release|Any CPU
		{A81466C3-EB96-4C88-80E1-AD84BEBFD6A2}.Release|Any CPU.ActiveCfg = Release|Any CPU
		{A81466C3-EB96-4C88-80E1-AD84BEBFD6A2}.Release|Any CPU.Build.0 = Release|Any CPU
		{A81466C3-EB96-4C88-80E1-AD84BEBFD6A2}.Release|Mixed Platforms.ActiveCfg = Release|Any CPU
		{A81466C3-EB96-4C88-80E1-AD84BEBFD6A2}.Release|Mixed Platforms.Build.0 = Release|Any CPU
		{A81466C3-EB96-4C88-80E1-AD84BEBFD6A2}.Release|x86.ActiveCfg = Release|Any CPU
		{A81466C3-EB96-4C88-80E1-AD84BEBFD6A2}.Release|x86.Build.0 = Release|Any CPU
		{A81466C3-EB96-4C88-80E1-AD84BEBFD6A2}.Silverlight2|Any CPU.ActiveCfg = Release|Any CPU
		{A81466C3-EB96-4C88-80E1-AD84BEBFD6A2}.Silverlight2|Any CPU.Build.0 = Release|Any CPU
		{A81466C3-EB96-4C88-80E1-AD84BEBFD6A2}.Silverlight2|Mixed Platforms.ActiveCfg = Release|Any CPU
		{A81466C3-EB96-4C88-80E1-AD84BEBFD6A2}.Silverlight2|Mixed Platforms.Build.0 = Release|Any CPU
		{A81466C3-EB96-4C88-80E1-AD84BEBFD6A2}.Silverlight2|x86.ActiveCfg = Release|Any CPU
		{A81466C3-EB96-4C88-80E1-AD84BEBFD6A2}.Silverlight2|x86.Build.0 = Release|Any CPU
	EndGlobalSection
	GlobalSection(SolutionProperties) = preSolution
		HideSolutionNode = FALSE
	EndGlobalSection
	GlobalSection(SubversionScc) = preSolution
		Svn-Managed = True
		Manager = AnkhSVN - Subversion Support for Visual Studio
	EndGlobalSection
EndGlobal
